{
  "name": "g-now",
  "lockfileVersion": 3,
  "requires": true,
  "packages": {
    "": {
      "dependencies": {
        "@pathofdev/react-tag-input": "^1.0.7"
      }
    },
    "node_modules/@pathofdev/react-tag-input": {
      "version": "1.0.7",
      "resolved": "https://registry.npmjs.org/@pathofdev/react-tag-input/-/react-tag-input-1.0.7.tgz",
      "integrity": "sha512-FxlX+rQhsun7uLDS7PzscJex4Vutq9+RjYlJR+Bf6rh/fH8Drxhl+klrUFxaMRtaTF44tM/jHVl5dxWIhUwejw==",
      "license": "MIT"
    }
  }
}
